// !$*UTF8*$!
{
	archiveVersion = 1;
	classes = {
	};
	objectVersion = 50;
	objects = {

/* Begin PBXBuildFile section */
		923800AF24E2E14100FCFE0F /* AppDelegate.swift in Sources */ = {isa = PBXBuildFile; fileRef = 923800AE24E2E14100FCFE0F /* AppDelegate.swift */; };
		923800B124E2E14100FCFE0F /* SceneDelegate.swift in Sources */ = {isa = PBXBuildFile; fileRef = 923800B024E2E14100FCFE0F /* SceneDelegate.swift */; };
		923800B324E2E14100FCFE0F /* ViewController.swift in Sources */ = {isa = PBXBuildFile; fileRef = 923800B224E2E14100FCFE0F /* ViewController.swift */; };
		923800B624E2E14100FCFE0F /* Main.storyboard in Resources */ = {isa = PBXBuildFile; fileRef = 923800B424E2E14100FCFE0F /* Main.storyboard */; };
		923800B824E2E14400FCFE0F /* Assets.xcassets in Resources */ = {isa = PBXBuildFile; fileRef = 923800B724E2E14400FCFE0F /* Assets.xcassets */; };
		923800BB24E2E14400FCFE0F /* LaunchScreen.storyboard in Resources */ = {isa = PBXBuildFile; fileRef = 923800B924E2E14400FCFE0F /* LaunchScreen.storyboard */; };
		923800C824E2E1B100FCFE0F /* VotingChoice.swift in Sources */ = {isa = PBXBuildFile; fileRef = 923800C724E2E1B100FCFE0F /* VotingChoice.swift */; };
		923800CA24E2E1D200FCFE0F /* VotingManager.swift in Sources */ = {isa = PBXBuildFile; fileRef = 923800C924E2E1D200FCFE0F /* VotingManager.swift */; };
		923800CC24E2E1EF00FCFE0F /* Constants.swift in Sources */ = {isa = PBXBuildFile; fileRef = 923800CB24E2E1EF00FCFE0F /* Constants.swift */; };
		923800CE24E2E21500FCFE0F /* BaseController.swift in Sources */ = {isa = PBXBuildFile; fileRef = 923800CD24E2E21500FCFE0F /* BaseController.swift */; };
		923800F224E301C400FCFE0F /* FontController.swift in Sources */ = {isa = PBXBuildFile; fileRef = 923800F124E301C400FCFE0F /* FontController.swift */; };
/* End PBXBuildFile section */

/* Begin PBXFileReference section */
		923800AB24E2E14100FCFE0F /* HeartRockScissors.app */ = {isa = PBXFileReference; explicitFileType = wrapper.application; includeInIndex = 0; path = HeartRockScissors.app; sourceTree = BUILT_PRODUCTS_DIR; };
		923800AE24E2E14100FCFE0F /* AppDelegate.swift */ = {isa = PBXFileReference; lastKnownFileType = sourcecode.swift; path = AppDelegate.swift; sourceTree = "<group>"; };
		923800B024E2E14100FCFE0F /* SceneDelegate.swift */ = {isa = PBXFileReference; lastKnownFileType = sourcecode.swift; path = SceneDelegate.swift; sourceTree = "<group>"; };
		923800B224E2E14100FCFE0F /* ViewController.swift */ = {isa = PBXFileReference; lastKnownFileType = sourcecode.swift; path = ViewController.swift; sourceTree = "<group>"; };
		923800B524E2E14100FCFE0F /* Base */ = {isa = PBXFileReference; lastKnownFileType = file.storyboard; name = Base; path = Base.lproj/Main.storyboard; sourceTree = "<group>"; };
		923800B724E2E14400FCFE0F /* Assets.xcassets */ = {isa = PBXFileReference; lastKnownFileType = folder.assetcatalog; path = Assets.xcassets; sourceTree = "<group>"; };
		923800BA24E2E14400FCFE0F /* Base */ = {isa = PBXFileReference; lastKnownFileType = file.storyboard; name = Base; path = Base.lproj/LaunchScreen.storyboard; sourceTree = "<group>"; };
		923800BC24E2E14400FCFE0F /* Info.plist */ = {isa = PBXFileReference; lastKnownFileType = text.plist.xml; path = Info.plist; sourceTree = "<group>"; };
		923800C724E2E1B100FCFE0F /* VotingChoice.swift */ = {isa = PBXFileReference; lastKnownFileType = sourcecode.swift; path = VotingChoice.swift; sourceTree = "<group>"; };
		923800C924E2E1D200FCFE0F /* VotingManager.swift */ = {isa = PBXFileReference; lastKnownFileType = sourcecode.swift; path = VotingManager.swift; sourceTree = "<group>"; };
		923800CB24E2E1EF00FCFE0F /* Constants.swift */ = {isa = PBXFileReference; lastKnownFileType = sourcecode.swift; path = Constants.swift; sourceTree = "<group>"; };
		923800CD24E2E21500FCFE0F /* BaseController.swift */ = {isa = PBXFileReference; lastKnownFileType = sourcecode.swift; path = BaseController.swift; sourceTree = "<group>"; };
		923800F124E301C400FCFE0F /* FontController.swift */ = {isa = PBXFileReference; lastKnownFileType = sourcecode.swift; path = FontController.swift; sourceTree = "<group>"; };
/* End PBXFileReference section */

/* Begin PBXFrameworksBuildPhase section */
		923800A824E2E14100FCFE0F /* Frameworks */ = {
			isa = PBXFrameworksBuildPhase;
			buildActionMask = 2147483647;
			files = (
			);
			runOnlyForDeploymentPostprocessing = 0;
		};
/* End PBXFrameworksBuildPhase section */

/* Begin PBXGroup section */
		923800A224E2E14100FCFE0F = {
			isa = PBXGroup;
			children = (
				923800AD24E2E14100FCFE0F /* HeartRockScissors */,
				923800AC24E2E14100FCFE0F /* Products */,
			);
			sourceTree = "<group>";
		};
		923800AC24E2E14100FCFE0F /* Products */ = {
			isa = PBXGroup;
			children = (
				923800AB24E2E14100FCFE0F /* HeartRockScissors.app */,
			);
			name = Products;
			sourceTree = "<group>";
		};
		923800AD24E2E14100FCFE0F /* HeartRockScissors */ = {
			isa = PBXGroup;
			children = (
				923800C524E2E17300FCFE0F /* Base */,
				923800C224E2E14D00FCFE0F /* Delegates */,
				923800C624E2E19600FCFE0F /* Voting */,
				923800C324E2E15B00FCFE0F /* Entry */,
				923800C424E2E16500FCFE0F /* Controllers */,
				923800B724E2E14400FCFE0F /* Assets.xcassets */,
				923800CB24E2E1EF00FCFE0F /* Constants.swift */,
				923800B924E2E14400FCFE0F /* LaunchScreen.storyboard */,
				923800BC24E2E14400FCFE0F /* Info.plist */,
			);
			path = HeartRockScissors;
			sourceTree = "<group>";
		};
		923800C224E2E14D00FCFE0F /* Delegates */ = {
			isa = PBXGroup;
			children = (
				923800AE24E2E14100FCFE0F /* AppDelegate.swift */,
				923800B024E2E14100FCFE0F /* SceneDelegate.swift */,
			);
			path = Delegates;
			sourceTree = "<group>";
		};
		923800C324E2E15B00FCFE0F /* Entry */ = {
			isa = PBXGroup;
			children = (
				923800B224E2E14100FCFE0F /* ViewController.swift */,
			);
			path = Entry;
			sourceTree = "<group>";
		};
		923800C424E2E16500FCFE0F /* Controllers */ = {
			isa = PBXGroup;
			children = (
				923800B424E2E14100FCFE0F /* Main.storyboard */,
			);
			path = Controllers;
			sourceTree = "<group>";
		};
		923800C524E2E17300FCFE0F /* Base */ = {
			isa = PBXGroup;
			children = (
				923800F124E301C400FCFE0F /* FontController.swift */,
				923800CD24E2E21500FCFE0F /* BaseController.swift */,
			);
			path = Base;
			sourceTree = "<group>";
		};
		923800C624E2E19600FCFE0F /* Voting */ = {
			isa = PBXGroup;
			children = (
				923800C724E2E1B100FCFE0F /* VotingChoice.swift */,
				923800C924E2E1D200FCFE0F /* VotingManager.swift */,
			);
			path = Voting;
			sourceTree = "<group>";
		};
/* End PBXGroup section */

/* Begin PBXNativeTarget section */
		923800AA24E2E14100FCFE0F /* HeartRockScissors */ = {
			isa = PBXNativeTarget;
			buildConfigurationList = 923800BF24E2E14400FCFE0F /* Build configuration list for PBXNativeTarget "HeartRockScissors" */;
			buildPhases = (
				923800A724E2E14100FCFE0F /* Sources */,
				923800A824E2E14100FCFE0F /* Frameworks */,
				923800A924E2E14100FCFE0F /* Resources */,
			);
			buildRules = (
			);
			dependencies = (
			);
			name = HeartRockScissors;
			productName = HeartRockScissors;
			productReference = 923800AB24E2E14100FCFE0F /* HeartRockScissors.app */;
			productType = "com.apple.product-type.application";
		};
/* End PBXNativeTarget section */

/* Begin PBXProject section */
		923800A324E2E14100FCFE0F /* Project object */ = {
			isa = PBXProject;
			attributes = {
				LastSwiftUpdateCheck = 1160;
				LastUpgradeCheck = 1200;
				ORGANIZATIONNAME = "Denis Skuratovich";
				TargetAttributes = {
					923800AA24E2E14100FCFE0F = {
						CreatedOnToolsVersion = 11.6;
					};
				};
			};
			buildConfigurationList = 923800A624E2E14100FCFE0F /* Build configuration list for PBXProject "HeartRockScissors" */;
			compatibilityVersion = "Xcode 9.3";
			developmentRegion = en;
			hasScannedForEncodings = 0;
			knownRegions = (
				en,
				Base,
			);
			mainGroup = 923800A224E2E14100FCFE0F;
			productRefGroup = 923800AC24E2E14100FCFE0F /* Products */;
			projectDirPath = "";
			projectRoot = "";
			targets = (
				923800AA24E2E14100FCFE0F /* HeartRockScissors */,
			);
		};
/* End PBXProject section */

/* Begin PBXResourcesBuildPhase section */
		923800A924E2E14100FCFE0F /* Resources */ = {
			isa = PBXResourcesBuildPhase;
			buildActionMask = 2147483647;
			files = (
				923800BB24E2E14400FCFE0F /* LaunchScreen.storyboard in Resources */,
				923800B824E2E14400FCFE0F /* Assets.xcassets in Resources */,
				923800B624E2E14100FCFE0F /* Main.storyboard in Resources */,
			);
			runOnlyForDeploymentPostprocessing = 0;
		};
/* End PBXResourcesBuildPhase section */

/* Begin PBXSourcesBuildPhase section */
		923800A724E2E14100FCFE0F /* Sources */ = {
			isa = PBXSourcesBuildPhase;
			buildActionMask = 2147483647;
			files = (
				923800B324E2E14100FCFE0F /* ViewController.swift in Sources */,
				923800C824E2E1B100FCFE0F /* VotingChoice.swift in Sources */,
				923800CE24E2E21500FCFE0F /* BaseController.swift in Sources */,
				923800CA24E2E1D200FCFE0F /* VotingManager.swift in Sources */,
				923800F224E301C400FCFE0F /* FontController.swift in Sources */,
				923800AF24E2E14100FCFE0F /* AppDelegate.swift in Sources */,
				923800B124E2E14100FCFE0F /* SceneDelegate.swift in Sources */,
				923800CC24E2E1EF00FCFE0F /* Constants.swift in Sources */,
			);
			runOnlyForDeploymentPostprocessing = 0;
		};
/* End PBXSourcesBuildPhase section */

/* Begin PBXVariantGroup section */
		923800B424E2E14100FCFE0F /* Main.storyboard */ = {
			isa = PBXVariantGroup;
			children = (
				923800B524E2E14100FCFE0F /* Base */,
			);
			name = Main.storyboard;
			sourceTree = "<group>";
		};
		923800B924E2E14400FCFE0F /* LaunchScreen.storyboard */ = {
			isa = PBXVariantGroup;
			children = (
				923800BA24E2E14400FCFE0F /* Base */,
			);
			name = LaunchScreen.storyboard;
			sourceTree = "<group>";
		};
/* End PBXVariantGroup section */

/* Begin XCBuildConfiguration section */
		923800BD24E2E14400FCFE0F /* Debug */ = {
			isa = XCBuildConfiguration;
			buildSettings = {
				ALWAYS_SEARCH_USER_PATHS = NO;
				CLANG_ANALYZER_NONNULL = YES;
				CLANG_ANALYZER_NUMBER_OBJECT_CONVERSION = YES_AGGRESSIVE;
				CLANG_CXX_LANGUAGE_STANDARD = "gnu++14";
				CLANG_CXX_LIBRARY = "libc++";
				CLANG_ENABLE_MODULES = YES;
				CLANG_ENABLE_OBJC_ARC = YES;
				CLANG_ENABLE_OBJC_WEAK = YES;
				CLANG_WARN_BLOCK_CAPTURE_AUTORELEASING = YES;
				CLANG_WARN_BOOL_CONVERSION = YES;
				CLANG_WARN_COMMA = YES;
				CLANG_WARN_CONSTANT_CONVERSION = YES;
				CLANG_WARN_DEPRECATED_OBJC_IMPLEMENTATIONS = YES;
				CLANG_WARN_DIRECT_OBJC_ISA_USAGE = YES_ERROR;
				CLANG_WARN_DOCUMENTATION_COMMENTS = YES;
				CLANG_WARN_EMPTY_BODY = YES;
				CLANG_WARN_ENUM_CONVERSION = YES;
				CLANG_WARN_INFINITE_RECURSION = YES;
				CLANG_WARN_INT_CONVERSION = YES;
				CLANG_WARN_NON_LITERAL_NULL_CONVERSION = YES;
				CLANG_WARN_OBJC_IMPLICIT_RETAIN_SELF = YES;
				CLANG_WARN_OBJC_LITERAL_CONVERSION = YES;
				CLANG_WARN_OBJC_ROOT_CLASS = YES_ERROR;
				CLANG_WARN_QUOTED_INCLUDE_IN_FRAMEWORK_HEADER = YES;
				CLANG_WARN_RANGE_LOOP_ANALYSIS = YES;
				CLANG_WARN_STRICT_PROTOTYPES = YES;
				CLANG_WARN_SUSPICIOUS_MOVE = YES;
				CLANG_WARN_UNGUARDED_AVAILABILITY = YES_AGGRESSIVE;
				CLANG_WARN_UNREACHABLE_CODE = YES;
				CLANG_WARN__DUPLICATE_METHOD_MATCH = YES;
				COPY_PHASE_STRIP = NO;
				DEBUG_INFORMATION_FORMAT = dwarf;
				ENABLE_STRICT_OBJC_MSGSEND = YES;
				ENABLE_TESTABILITY = YES;
				GCC_C_LANGUAGE_STANDARD = gnu11;
				GCC_DYNAMIC_NO_PIC = NO;
				GCC_NO_COMMON_BLOCKS = YES;
				GCC_OPTIMIZATION_LEVEL = 0;
				GCC_PREPROCESSOR_DEFINITIONS = (
					"DEBUG=1",
					"$(inherited)",
				);
				GCC_WARN_64_TO_32_BIT_CONVERSION = YES;
				GCC_WARN_ABOUT_RETURN_TYPE = YES_ERROR;
				GCC_WARN_UNDECLARED_SELECTOR = YES;
				GCC_WARN_UNINITIALIZED_AUTOS = YES_AGGRESSIVE;
				GCC_WARN_UNUSED_FUNCTION = YES;
				GCC_WARN_UNUSED_VARIABLE = YES;
				IPHONEOS_DEPLOYMENT_TARGET = 13.6;
				MTL_ENABLE_DEBUG_INFO = INCLUDE_SOURCE;
				MTL_FAST_MATH = YES;
				ONLY_ACTIVE_ARCH = YES;
				SDKROOT = iphoneos;
				SWIFT_ACTIVE_COMPILATION_CONDITIONS = DEBUG;
				SWIFT_OPTIMIZATION_LEVEL = "-Onone";
			};
			name = Debug;
		};
		923800BE24E2E14400FCFE0F /* Release */ = {
			isa = XCBuildConfiguration;
			buildSettings = {
				ALWAYS_SEARCH_USER_PATHS = NO;
				CLANG_ANALYZER_NONNULL = YES;
				CLANG_ANALYZER_NUMBER_OBJECT_CONVERSION = YES_AGGRESSIVE;
				CLANG_CXX_LANGUAGE_STANDARD = "gnu++14";
				CLANG_CXX_LIBRARY = "libc++";
				CLANG_ENABLE_MODULES = YES;
				CLANG_ENABLE_OBJC_ARC = YES;
				CLANG_ENABLE_OBJC_WEAK = YES;
				CLANG_WARN_BLOCK_CAPTURE_AUTORELEASING = YES;
				CLANG_WARN_BOOL_CONVERSION = YES;
				CLANG_WARN_COMMA = YES;
				CLANG_WARN_CONSTANT_CONVERSION = YES;
				CLANG_WARN_DEPRECATED_OBJC_IMPLEMENTATIONS = YES;
				CLANG_WARN_DIRECT_OBJC_ISA_USAGE = YES_ERROR;
				CLANG_WARN_DOCUMENTATION_COMMENTS = YES;
				CLANG_WARN_EMPTY_BODY = YES;
				CLANG_WARN_ENUM_CONVERSION = YES;
				CLANG_WARN_INFINITE_RECURSION = YES;
				CLANG_WARN_INT_CONVERSION = YES;
				CLANG_WARN_NON_LITERAL_NULL_CONVERSION = YES;
				CLANG_WARN_OBJC_IMPLICIT_RETAIN_SELF = YES;
				CLANG_WARN_OBJC_LITERAL_CONVERSION = YES;
				CLANG_WARN_OBJC_ROOT_CLASS = YES_ERROR;
				CLANG_WARN_QUOTED_INCLUDE_IN_FRAMEWORK_HEADER = YES;
				CLANG_WARN_RANGE_LOOP_ANALYSIS = YES;
				CLANG_WARN_STRICT_PROTOTYPES = YES;
				CLANG_WARN_SUSPICIOUS_MOVE = YES;
				CLANG_WARN_UNGUARDED_AVAILABILITY = YES_AGGRESSIVE;
				CLANG_WARN_UNREACHABLE_CODE = YES;
				CLANG_WARN__DUPLICATE_METHOD_MATCH = YES;
				COPY_PHASE_STRIP = NO;
				DEBUG_INFORMATION_FORMAT = "dwarf-with-dsym";
				ENABLE_NS_ASSERTIONS = NO;
				ENABLE_STRICT_OBJC_MSGSEND = YES;
				GCC_C_LANGUAGE_STANDARD = gnu11;
				GCC_NO_COMMON_BLOCKS = YES;
				GCC_WARN_64_TO_32_BIT_CONVERSION = YES;
				GCC_WARN_ABOUT_RETURN_TYPE = YES_ERROR;
				GCC_WARN_UNDECLARED_SELECTOR = YES;
				GCC_WARN_UNINITIALIZED_AUTOS = YES_AGGRESSIVE;
				GCC_WARN_UNUSED_FUNCTION = YES;
				GCC_WARN_UNUSED_VARIABLE = YES;
				IPHONEOS_DEPLOYMENT_TARGET = 13.6;
				MTL_ENABLE_DEBUG_INFO = NO;
				MTL_FAST_MATH = YES;
				SDKROOT = iphoneos;
				SWIFT_COMPILATION_MODE = wholemodule;
				SWIFT_OPTIMIZATION_LEVEL = "-O";
				VALIDATE_PRODUCT = YES;
			};
			name = Release;
		};
		923800C024E2E14400FCFE0F /* Debug */ = {
			isa = XCBuildConfiguration;
			buildSettings = {
				ASSETCATALOG_COMPILER_APPICON_NAME = AppIcon;
				CODE_SIGN_STYLE = Automatic;
				DEVELOPMENT_TEAM = UUC626657B;
				INFOPLIST_FILE = HeartRockScissors/Info.plist;
				LD_RUNPATH_SEARCH_PATHS = (
					"$(inherited)",
					"@executable_path/Frameworks",
				);
				PRODUCT_BUNDLE_IDENTIFIER = sqrt.HeartRockScissors;
				PRODUCT_NAME = HeartRockScissors;
				SWIFT_VERSION = 5.0;
				TARGETED_DEVICE_FAMILY = "1,2";
			};
			name = Debug;
		};
		923800C124E2E14400FCFE0F /* Release */ = {
			isa = XCBuildConfiguration;
			buildSettings = {
				ASSETCATALOG_COMPILER_APPICON_NAME = AppIcon;
				CODE_SIGN_STYLE = Automatic;
				DEVELOPMENT_TEAM = UUC626657B;
				INFOPLIST_FILE = HeartRockScissors/Info.plist;
				LD_RUNPATH_SEARCH_PATHS = (
					"$(inherited)",
					"@executable_path/Frameworks",
				);
				PRODUCT_BUNDLE_IDENTIFIER = sqrt.HeartRockScissors;
				PRODUCT_NAME = HeartRockScissors;
				SWIFT_VERSION = 5.0;
				TARGETED_DEVICE_FAMILY = "1,2";
			};
			name = Release;
		};
/* End XCBuildConfiguration section */

/* Begin XCConfigurationList section */
		923800A624E2E14100FCFE0F /* Build configuration list for PBXProject "HeartRockScissors" */ = {
			isa = XCConfigurationList;
			buildConfigurations = (
				923800BD24E2E14400FCFE0F /* Debug */,
				923800BE24E2E14400FCFE0F /* Release */,
			);
			defaultConfigurationIsVisible = 0;
			defaultConfigurationName = Release;
		};
		923800BF24E2E14400FCFE0F /* Build configuration list for PBXNativeTarget "HeartRockScissors" */ = {
			isa = XCConfigurationList;
			buildConfigurations = (
				923800C024E2E14400FCFE0F /* Debug */,
				923800C124E2E14400FCFE0F /* Release */,
			);
			defaultConfigurationIsVisible = 0;
			defaultConfigurationName = Release;
		};
/* End XCConfigurationList section */
	};
	rootObject = 923800A324E2E14100FCFE0F /* Project object */;
}
